
Microsoft Visual Studio Solution File, Format Version 12.00
# Visual Studio Version 17
VisualStudioVersion = 17.6.33829.357
MinimumVisualStudioVersion = 10.0.40219.1
Project("{9A19103F-16F7-4668-BE54-9A1E7A4F7556}") = "ContactSphere_API", "ContactSphere_API.csproj", "{6E3CFE29-E5EA-4455-AE82-18806012BEAF}"
	ProjectSection(ProjectDependencies) = postProject
		{00BB2598-5DB3-4E86-AFF3-1D39E826FED7} = {00BB2598-5DB3-4E86-AFF3-1D39E826FED7}
		{22BC67CF-C83C-4B74-8547-67EC7F204963} = {22BC67CF-C83C-4B74-8547-67EC7F204963}
		{2708F722-A71E-4D50-A334-81E9628C3AA4} = {2708F722-A71E-4D50-A334-81E9628C3AA4}
		{298AA006-A908-4939-8603-7503B397EF71} = {298AA006-A908-4939-8603-7503B397EF71}
		{397F6180-7AAC-4FAF-91D4-3A9332A54BB3} = {397F6180-7AAC-4FAF-91D4-3A9332A54BB3}
		{56177656-2CDB-4727-A3EE-0275B8F5F1FB} = {56177656-2CDB-4727-A3EE-0275B8F5F1FB}
		{5C0546AD-425A-4257-9FDB-AA8E7F62A6EB} = {5C0546AD-425A-4257-9FDB-AA8E7F62A6EB}
		{6A09269C-4B5A-4498-AE39-253651F1D8FA} = {6A09269C-4B5A-4498-AE39-253651F1D8FA}
		{97D673DD-E55C-45B2-91EE-DFFA0F18741B} = {97D673DD-E55C-45B2-91EE-DFFA0F18741B}
	EndProjectSection
EndProject
Project("{2150E333-8FDC-42A3-9474-1A3956D46DE8}") = "1.0 - Presentation", "1.0 - Presentation", "{8986D25F-D97D-4D09-97F4-F67DC539DB6A}"
EndProject
Project("{2150E333-8FDC-42A3-9474-1A3956D46DE8}") = "2.0 - Application", "2.0 - Application", "{E3B407EB-3CE2-4DBC-9281-D50F441DABF6}"
EndProject
Project("{2150E333-8FDC-42A3-9474-1A3956D46DE8}") = "3.0 - Domain", "3.0 - Domain", "{167BCD79-33F8-466C-ADD5-A917C0B6BF88}"
EndProject
Project("{2150E333-8FDC-42A3-9474-1A3956D46DE8}") = "4.0 - Infrastructure", "4.0 - Infrastructure", "{066AA405-6265-4267-A330-1DF544641BA2}"
EndProject
Project("{FAE04EC0-301F-11D3-BF4B-00C04F79EFBC}") = "Application", "..\Application\Application.csproj", "{298AA006-A908-4939-8603-7503B397EF71}"
	ProjectSection(ProjectDependencies) = postProject
		{00BB2598-5DB3-4E86-AFF3-1D39E826FED7} = {00BB2598-5DB3-4E86-AFF3-1D39E826FED7}
		{22BC67CF-C83C-4B74-8547-67EC7F204963} = {22BC67CF-C83C-4B74-8547-67EC7F204963}
		{397F6180-7AAC-4FAF-91D4-3A9332A54BB3} = {397F6180-7AAC-4FAF-91D4-3A9332A54BB3}
		{5C0546AD-425A-4257-9FDB-AA8E7F62A6EB} = {5C0546AD-425A-4257-9FDB-AA8E7F62A6EB}
	EndProjectSection
EndProject
Project("{FAE04EC0-301F-11D3-BF4B-00C04F79EFBC}") = "ApplicationDTO", "..\ApplicationDTO\ApplicationDTO.csproj", "{5C0546AD-425A-4257-9FDB-AA8E7F62A6EB}"
	ProjectSection(ProjectDependencies) = postProject
		{22BC67CF-C83C-4B74-8547-67EC7F204963} = {22BC67CF-C83C-4B74-8547-67EC7F204963}
	EndProjectSection
EndProject
Project("{FAE04EC0-301F-11D3-BF4B-00C04F79EFBC}") = "Core", "..\Core\Core.csproj", "{397F6180-7AAC-4FAF-91D4-3A9332A54BB3}"
	ProjectSection(ProjectDependencies) = postProject
		{22BC67CF-C83C-4B74-8547-67EC7F204963} = {22BC67CF-C83C-4B74-8547-67EC7F204963}
	EndProjectSection
EndProject
Project("{FAE04EC0-301F-11D3-BF4B-00C04F79EFBC}") = "Domain", "..\Damin\Domain.csproj", "{22BC67CF-C83C-4B74-8547-67EC7F204963}"
EndProject
Project("{FAE04EC0-301F-11D3-BF4B-00C04F79EFBC}") = "Services", "..\Services\Services.csproj", "{6A09269C-4B5A-4498-AE39-253651F1D8FA}"
	ProjectSection(ProjectDependencies) = postProject
		{397F6180-7AAC-4FAF-91D4-3A9332A54BB3} = {397F6180-7AAC-4FAF-91D4-3A9332A54BB3}
	EndProjectSection
EndProject
Project("{2150E333-8FDC-42A3-9474-1A3956D46DE8}") = "4.1 - Data", "4.1 - Data", "{710F80F0-022F-4226-94E0-B626A12256CD}"
EndProject
Project("{2150E333-8FDC-42A3-9474-1A3956D46DE8}") = "4.2 - CrossCutting", "4.2 - CrossCutting", "{03FC865F-6F7E-45F3-8C7C-241B1C78E15C}"
EndProject
Project("{FAE04EC0-301F-11D3-BF4B-00C04F79EFBC}") = "Data", "..\Data\Data.csproj", "{56177656-2CDB-4727-A3EE-0275B8F5F1FB}"
	ProjectSection(ProjectDependencies) = postProject
		{22BC67CF-C83C-4B74-8547-67EC7F204963} = {22BC67CF-C83C-4B74-8547-67EC7F204963}
	EndProjectSection
EndProject
Project("{FAE04EC0-301F-11D3-BF4B-00C04F79EFBC}") = "Repository", "..\Repository\Repository.csproj", "{97D673DD-E55C-45B2-91EE-DFFA0F18741B}"
	ProjectSection(ProjectDependencies) = postProject
		{22BC67CF-C83C-4B74-8547-67EC7F204963} = {22BC67CF-C83C-4B74-8547-67EC7F204963}
		{397F6180-7AAC-4FAF-91D4-3A9332A54BB3} = {397F6180-7AAC-4FAF-91D4-3A9332A54BB3}
		{56177656-2CDB-4727-A3EE-0275B8F5F1FB} = {56177656-2CDB-4727-A3EE-0275B8F5F1FB}
	EndProjectSection
EndProject
Project("{FAE04EC0-301F-11D3-BF4B-00C04F79EFBC}") = "Adapter", "..\Adapter\Adapter.csproj", "{00BB2598-5DB3-4E86-AFF3-1D39E826FED7}"
EndProject
Project("{FAE04EC0-301F-11D3-BF4B-00C04F79EFBC}") = "IoC", "..\IoC\IoC.csproj", "{2708F722-A71E-4D50-A334-81E9628C3AA4}"
	ProjectSection(ProjectDependencies) = postProject
		{00BB2598-5DB3-4E86-AFF3-1D39E826FED7} = {00BB2598-5DB3-4E86-AFF3-1D39E826FED7}
		{298AA006-A908-4939-8603-7503B397EF71} = {298AA006-A908-4939-8603-7503B397EF71}
		{6A09269C-4B5A-4498-AE39-253651F1D8FA} = {6A09269C-4B5A-4498-AE39-253651F1D8FA}
		{97D673DD-E55C-45B2-91EE-DFFA0F18741B} = {97D673DD-E55C-45B2-91EE-DFFA0F18741B}
	EndProjectSection
EndProject
Project("{2150E333-8FDC-42A3-9474-1A3956D46DE8}") = "5.0 - Utils", "5.0 - Utils", "{07314045-F9D9-4DC2-9668-99D8626530BB}"
EndProject
Project("{FAE04EC0-301F-11D3-BF4B-00C04F79EFBC}") = "Utils", "..\Utils\Utils.csproj", "{FB24A4C5-76BE-4713-8405-A4578E6464C2}"
EndProject
Global
	GlobalSection(SolutionConfigurationPlatforms) = preSolution
		Debug|Any CPU = Debug|Any CPU
		Release|Any CPU = Release|Any CPU
	EndGlobalSection
	GlobalSection(ProjectConfigurationPlatforms) = postSolution
		{6E3CFE29-E5EA-4455-AE82-18806012BEAF}.Debug|Any CPU.ActiveCfg = Debug|Any CPU
		{6E3CFE29-E5EA-4455-AE82-18806012BEAF}.Debug|Any CPU.Build.0 = Debug|Any CPU
		{6E3CFE29-E5EA-4455-AE82-18806012BEAF}.Release|Any CPU.ActiveCfg = Release|Any CPU
		{6E3CFE29-E5EA-4455-AE82-18806012BEAF}.Release|Any CPU.Build.0 = Release|Any CPU
		{298AA006-A908-4939-8603-7503B397EF71}.Debug|Any CPU.ActiveCfg = Debug|Any CPU
		{298AA006-A908-4939-8603-7503B397EF71}.Debug|Any CPU.Build.0 = Debug|Any CPU
		{298AA006-A908-4939-8603-7503B397EF71}.Release|Any CPU.ActiveCfg = Release|Any CPU
		{298AA006-A908-4939-8603-7503B397EF71}.Release|Any CPU.Build.0 = Release|Any CPU
		{5C0546AD-425A-4257-9FDB-AA8E7F62A6EB}.Debug|Any CPU.ActiveCfg = Debug|Any CPU
		{5C0546AD-425A-4257-9FDB-AA8E7F62A6EB}.Debug|Any CPU.Build.0 = Debug|Any CPU
		{5C0546AD-425A-4257-9FDB-AA8E7F62A6EB}.Release|Any CPU.ActiveCfg = Release|Any CPU
		{5C0546AD-425A-4257-9FDB-AA8E7F62A6EB}.Release|Any CPU.Build.0 = Release|Any CPU
		{397F6180-7AAC-4FAF-91D4-3A9332A54BB3}.Debug|Any CPU.ActiveCfg = Debug|Any CPU
		{397F6180-7AAC-4FAF-91D4-3A9332A54BB3}.Debug|Any CPU.Build.0 = Debug|Any CPU
		{397F6180-7AAC-4FAF-91D4-3A9332A54BB3}.Release|Any CPU.ActiveCfg = Release|Any CPU
		{397F6180-7AAC-4FAF-91D4-3A9332A54BB3}.Release|Any CPU.Build.0 = Release|Any CPU
		{22BC67CF-C83C-4B74-8547-67EC7F204963}.Debug|Any CPU.ActiveCfg = Debug|Any CPU
		{22BC67CF-C83C-4B74-8547-67EC7F204963}.Debug|Any CPU.Build.0 = Debug|Any CPU
		{22BC67CF-C83C-4B74-8547-67EC7F204963}.Release|Any CPU.ActiveCfg = Release|Any CPU
		{22BC67CF-C83C-4B74-8547-67EC7F204963}.Release|Any CPU.Build.0 = Release|Any CPU
		{6A09269C-4B5A-4498-AE39-253651F1D8FA}.Debug|Any CPU.ActiveCfg = Debug|Any CPU
		{6A09269C-4B5A-4498-AE39-253651F1D8FA}.Debug|Any CPU.Build.0 = Debug|Any CPU
		{6A09269C-4B5A-4498-AE39-253651F1D8FA}.Release|Any CPU.ActiveCfg = Release|Any CPU
		{6A09269C-4B5A-4498-AE39-253651F1D8FA}.Release|Any CPU.Build.0 = Release|Any CPU
		{56177656-2CDB-4727-A3EE-0275B8F5F1FB}.Debug|Any CPU.ActiveCfg = Debug|Any CPU
		{56177656-2CDB-4727-A3EE-0275B8F5F1FB}.Debug|Any CPU.Build.0 = Debug|Any CPU
		{56177656-2CDB-4727-A3EE-0275B8F5F1FB}.Release|Any CPU.ActiveCfg = Release|Any CPU
		{56177656-2CDB-4727-A3EE-0275B8F5F1FB}.Release|Any CPU.Build.0 = Release|Any CPU
		{97D673DD-E55C-45B2-91EE-DFFA0F18741B}.Debug|Any CPU.ActiveCfg = Debug|Any CPU
		{97D673DD-E55C-45B2-91EE-DFFA0F18741B}.Debug|Any CPU.Build.0 = Debug|Any CPU
		{97D673DD-E55C-45B2-91EE-DFFA0F18741B}.Release|Any CPU.ActiveCfg = Release|Any CPU
		{97D673DD-E55C-45B2-91EE-DFFA0F18741B}.Release|Any CPU.Build.0 = Release|Any CPU
		{00BB2598-5DB3-4E86-AFF3-1D39E826FED7}.Debug|Any CPU.ActiveCfg = Debug|Any CPU
		{00BB2598-5DB3-4E86-AFF3-1D39E826FED7}.Debug|Any CPU.Build.0 = Debug|Any CPU
		{00BB2598-5DB3-4E86-AFF3-1D39E826FED7}.Release|Any CPU.ActiveCfg = Release|Any CPU
		{00BB2598-5DB3-4E86-AFF3-1D39E826FED7}.Release|Any CPU.Build.0 = Release|Any CPU
		{2708F722-A71E-4D50-A334-81E9628C3AA4}.Debug|Any CPU.ActiveCfg = Debug|Any CPU
		{2708F722-A71E-4D50-A334-81E9628C3AA4}.Debug|Any CPU.Build.0 = Debug|Any CPU
		{2708F722-A71E-4D50-A334-81E9628C3AA4}.Release|Any CPU.ActiveCfg = Release|Any CPU
		{2708F722-A71E-4D50-A334-81E9628C3AA4}.Release|Any CPU.Build.0 = Release|Any CPU
		{FB24A4C5-76BE-4713-8405-A4578E6464C2}.Debug|Any CPU.ActiveCfg = Debug|Any CPU
		{FB24A4C5-76BE-4713-8405-A4578E6464C2}.Debug|Any CPU.Build.0 = Debug|Any CPU
		{FB24A4C5-76BE-4713-8405-A4578E6464C2}.Release|Any CPU.ActiveCfg = Release|Any CPU
		{FB24A4C5-76BE-4713-8405-A4578E6464C2}.Release|Any CPU.Build.0 = Release|Any CPU
	EndGlobalSection
	GlobalSection(SolutionProperties) = preSolution
		HideSolutionNode = FALSE
	EndGlobalSection
	GlobalSection(NestedProjects) = preSolution
		{6E3CFE29-E5EA-4455-AE82-18806012BEAF} = {8986D25F-D97D-4D09-97F4-F67DC539DB6A}
		{298AA006-A908-4939-8603-7503B397EF71} = {E3B407EB-3CE2-4DBC-9281-D50F441DABF6}
		{5C0546AD-425A-4257-9FDB-AA8E7F62A6EB} = {E3B407EB-3CE2-4DBC-9281-D50F441DABF6}
		{397F6180-7AAC-4FAF-91D4-3A9332A54BB3} = {167BCD79-33F8-466C-ADD5-A917C0B6BF88}
		{22BC67CF-C83C-4B74-8547-67EC7F204963} = {167BCD79-33F8-466C-ADD5-A917C0B6BF88}
		{6A09269C-4B5A-4498-AE39-253651F1D8FA} = {167BCD79-33F8-466C-ADD5-A917C0B6BF88}
		{710F80F0-022F-4226-94E0-B626A12256CD} = {066AA405-6265-4267-A330-1DF544641BA2}
		{03FC865F-6F7E-45F3-8C7C-241B1C78E15C} = {066AA405-6265-4267-A330-1DF544641BA2}
		{56177656-2CDB-4727-A3EE-0275B8F5F1FB} = {710F80F0-022F-4226-94E0-B626A12256CD}
		{97D673DD-E55C-45B2-91EE-DFFA0F18741B} = {710F80F0-022F-4226-94E0-B626A12256CD}
		{00BB2598-5DB3-4E86-AFF3-1D39E826FED7} = {03FC865F-6F7E-45F3-8C7C-241B1C78E15C}
		{2708F722-A71E-4D50-A334-81E9628C3AA4} = {03FC865F-6F7E-45F3-8C7C-241B1C78E15C}
		{FB24A4C5-76BE-4713-8405-A4578E6464C2} = {07314045-F9D9-4DC2-9668-99D8626530BB}
	EndGlobalSection
	GlobalSection(ExtensibilityGlobals) = postSolution
		SolutionGuid = {C5688BF6-434E-4ADE-ADEF-AE68CDB85A84}
	EndGlobalSection
EndGlobal
